// !$*UTF8*$!
{
	archiveVersion = 1;
	classes = {
	};
	objectVersion = 56;
	objects = {

/* Begin PBXBuildFile section */
		399C82442B78D5C70039F9E6 /* w4_p2.cpp in Sources */ = {isa = PBXBuildFile; fileRef = 399C823B2B78D5C70039F9E6 /* w4_p2.cpp */; };
		399C82452B78D5C70039F9E6 /* ConfirmOrder.cpp in Sources */ = {isa = PBXBuildFile; fileRef = 399C823D2B78D5C70039F9E6 /* ConfirmOrder.cpp */; };
		399C82462B78D5C70039F9E6 /* Toy.cpp in Sources */ = {isa = PBXBuildFile; fileRef = 399C823E2B78D5C70039F9E6 /* Toy.cpp */; };
		399C82472B78D5C70039F9E6 /* Child.cpp in Sources */ = {isa = PBXBuildFile; fileRef = 399C82412B78D5C70039F9E6 /* Child.cpp */; };
/* End PBXBuildFile section */

/* Begin PBXCopyFilesBuildPhase section */
		399C821A2B78D4280039F9E6 /* CopyFiles */ = {
			isa = PBXCopyFilesBuildPhase;
			buildActionMask = 2147483647;
			dstPath = /usr/share/man/man1/;
			dstSubfolderSpec = 0;
			files = (
			);
			runOnlyForDeploymentPostprocessing = 1;
		};
/* End PBXCopyFilesBuildPhase section */

/* Begin PBXFileReference section */
		399C821C2B78D4280039F9E6 /* ws4 */ = {isa = PBXFileReference; explicitFileType = "compiled.mach-o.executable"; includeInIndex = 0; path = ws4; sourceTree = BUILT_PRODUCTS_DIR; };
		399C82382B78D5C70039F9E6 /* output_p2_stud.txt */ = {isa = PBXFileReference; fileEncoding = 4; lastKnownFileType = text; path = output_p2_stud.txt; sourceTree = "<group>"; };
		399C82392B78D5C70039F9E6 /* sample_output.txt */ = {isa = PBXFileReference; fileEncoding = 4; lastKnownFileType = text; path = sample_output.txt; sourceTree = "<group>"; };
		399C823A2B78D5C70039F9E6 /* Child.h */ = {isa = PBXFileReference; fileEncoding = 4; lastKnownFileType = sourcecode.c.h; path = Child.h; sourceTree = "<group>"; };
		399C823B2B78D5C70039F9E6 /* w4_p2.cpp */ = {isa = PBXFileReference; fileEncoding = 4; lastKnownFileType = sourcecode.cpp.cpp; path = w4_p2.cpp; sourceTree = "<group>"; };
		399C823C2B78D5C70039F9E6 /* Toy.h */ = {isa = PBXFileReference; fileEncoding = 4; lastKnownFileType = sourcecode.c.h; path = Toy.h; sourceTree = "<group>"; };
		399C823D2B78D5C70039F9E6 /* ConfirmOrder.cpp */ = {isa = PBXFileReference; fileEncoding = 4; lastKnownFileType = sourcecode.cpp.cpp; path = ConfirmOrder.cpp; sourceTree = "<group>"; };
		399C823E2B78D5C70039F9E6 /* Toy.cpp */ = {isa = PBXFileReference; fileEncoding = 4; lastKnownFileType = sourcecode.cpp.cpp; path = Toy.cpp; sourceTree = "<group>"; };
		399C823F2B78D5C70039F9E6 /* data.txt */ = {isa = PBXFileReference; fileEncoding = 4; lastKnownFileType = text; path = data.txt; sourceTree = "<group>"; };
		399C82402B78D5C70039F9E6 /* output_p2_prof.txt */ = {isa = PBXFileReference; fileEncoding = 4; lastKnownFileType = text; path = output_p2_prof.txt; sourceTree = "<group>"; };
		399C82412B78D5C70039F9E6 /* Child.cpp */ = {isa = PBXFileReference; fileEncoding = 4; lastKnownFileType = sourcecode.cpp.cpp; path = Child.cpp; sourceTree = "<group>"; };
		399C82422B78D5C70039F9E6 /* reflect.txt */ = {isa = PBXFileReference; fileEncoding = 4; lastKnownFileType = text; path = reflect.txt; sourceTree = "<group>"; };
		399C82432B78D5C70039F9E6 /* ConfirmOrder.h */ = {isa = PBXFileReference; fileEncoding = 4; lastKnownFileType = sourcecode.c.h; path = ConfirmOrder.h; sourceTree = "<group>"; };
/* End PBXFileReference section */

/* Begin PBXFrameworksBuildPhase section */
		399C82192B78D4280039F9E6 /* Frameworks */ = {
			isa = PBXFrameworksBuildPhase;
			buildActionMask = 2147483647;
			files = (
			);
			runOnlyForDeploymentPostprocessing = 0;
		};
/* End PBXFrameworksBuildPhase section */

/* Begin PBXGroup section */
		399C82132B78D4280039F9E6 = {
			isa = PBXGroup;
			children = (
				399C82412B78D5C70039F9E6 /* Child.cpp */,
				399C823A2B78D5C70039F9E6 /* Child.h */,
				399C823D2B78D5C70039F9E6 /* ConfirmOrder.cpp */,
				399C82432B78D5C70039F9E6 /* ConfirmOrder.h */,
				399C823F2B78D5C70039F9E6 /* data.txt */,
				399C82402B78D5C70039F9E6 /* output_p2_prof.txt */,
				399C82382B78D5C70039F9E6 /* output_p2_stud.txt */,
				399C82422B78D5C70039F9E6 /* reflect.txt */,
				399C82392B78D5C70039F9E6 /* sample_output.txt */,
				399C823E2B78D5C70039F9E6 /* Toy.cpp */,
				399C823C2B78D5C70039F9E6 /* Toy.h */,
				399C823B2B78D5C70039F9E6 /* w4_p2.cpp */,
				399C821D2B78D4280039F9E6 /* Products */,
			);
			sourceTree = "<group>";
		};
		399C821D2B78D4280039F9E6 /* Products */ = {
			isa = PBXGroup;
			children = (
				399C821C2B78D4280039F9E6 /* ws4 */,
			);
			name = Products;
			sourceTree = "<group>";
		};
/* End PBXGroup section */

/* Begin PBXNativeTarget section */
		399C821B2B78D4280039F9E6 /* ws4 */ = {
			isa = PBXNativeTarget;
			buildConfigurationList = 399C82232B78D4280039F9E6 /* Build configuration list for PBXNativeTarget "ws4" */;
			buildPhases = (
				399C82182B78D4280039F9E6 /* Sources */,
				399C82192B78D4280039F9E6 /* Frameworks */,
				399C821A2B78D4280039F9E6 /* CopyFiles */,
			);
			buildRules = (
			);
			dependencies = (
			);
			name = ws4;
			productName = ws4;
			productReference = 399C821C2B78D4280039F9E6 /* ws4 */;
			productType = "com.apple.product-type.tool";
		};
/* End PBXNativeTarget section */

/* Begin PBXProject section */
		399C82142B78D4280039F9E6 /* Project object */ = {
			isa = PBXProject;
			attributes = {
				BuildIndependentTargetsInParallel = 1;
				LastUpgradeCheck = 1500;
				TargetAttributes = {
					399C821B2B78D4280039F9E6 = {
						CreatedOnToolsVersion = 15.0.1;
					};
				};
			};
			buildConfigurationList = 399C82172B78D4280039F9E6 /* Build configuration list for PBXProject "ws4" */;
			compatibilityVersion = "Xcode 14.0";
			developmentRegion = en;
			hasScannedForEncodings = 0;
			knownRegions = (
				en,
				Base,
			);
			mainGroup = 399C82132B78D4280039F9E6;
			productRefGroup = 399C821D2B78D4280039F9E6 /* Products */;
			projectDirPath = "";
			projectRoot = "";
			targets = (
				399C821B2B78D4280039F9E6 /* ws4 */,
			);
		};
/* End PBXProject section */

/* Begin PBXSourcesBuildPhase section */
		399C82182B78D4280039F9E6 /* Sources */ = {
			isa = PBXSourcesBuildPhase;
			buildActionMask = 2147483647;
			files = (
				399C82462B78D5C70039F9E6 /* Toy.cpp in Sources */,
				399C82442B78D5C70039F9E6 /* w4_p2.cpp in Sources */,
				399C82472B78D5C70039F9E6 /* Child.cpp in Sources */,
				399C82452B78D5C70039F9E6 /* ConfirmOrder.cpp in Sources */,
			);
			runOnlyForDeploymentPostprocessing = 0;
		};
/* End PBXSourcesBuildPhase section */

/* Begin XCBuildConfiguration section */
		399C82212B78D4280039F9E6 /* Debug */ = {
			isa = XCBuildConfiguration;
			buildSettings = {
				ALWAYS_SEARCH_USER_PATHS = NO;
				ASSETCATALOG_COMPILER_GENERATE_SWIFT_ASSET_SYMBOL_EXTENSIONS = YES;
				CLANG_ANALYZER_NONNULL = YES;
				CLANG_ANALYZER_NUMBER_OBJECT_CONVERSION = YES_AGGRESSIVE;
				CLANG_CXX_LANGUAGE_STANDARD = "gnu++20";
				CLANG_ENABLE_MODULES = YES;
				CLANG_ENABLE_OBJC_ARC = YES;
				CLANG_ENABLE_OBJC_WEAK = YES;
				CLANG_WARN_BLOCK_CAPTURE_AUTORELEASING = YES;
				CLANG_WARN_BOOL_CONVERSION = YES;
				CLANG_WARN_COMMA = YES;
				CLANG_WARN_CONSTANT_CONVERSION = YES;
				CLANG_WARN_DEPRECATED_OBJC_IMPLEMENTATIONS = YES;
				CLANG_WARN_DIRECT_OBJC_ISA_USAGE = YES_ERROR;
				CLANG_WARN_DOCUMENTATION_COMMENTS = YES;
				CLANG_WARN_EMPTY_BODY = YES;
				CLANG_WARN_ENUM_CONVERSION = YES;
				CLANG_WARN_INFINITE_RECURSION = YES;
				CLANG_WARN_INT_CONVERSION = YES;
				CLANG_WARN_NON_LITERAL_NULL_CONVERSION = YES;
				CLANG_WARN_OBJC_IMPLICIT_RETAIN_SELF = YES;
				CLANG_WARN_OBJC_LITERAL_CONVERSION = YES;
				CLANG_WARN_OBJC_ROOT_CLASS = YES_ERROR;
				CLANG_WARN_QUOTED_INCLUDE_IN_FRAMEWORK_HEADER = YES;
				CLANG_WARN_RANGE_LOOP_ANALYSIS = YES;
				CLANG_WARN_STRICT_PROTOTYPES = YES;
				CLANG_WARN_SUSPICIOUS_MOVE = YES;
				CLANG_WARN_UNGUARDED_AVAILABILITY = YES_AGGRESSIVE;
				CLANG_WARN_UNREACHABLE_CODE = YES;
				CLANG_WARN__DUPLICATE_METHOD_MATCH = YES;
				COPY_PHASE_STRIP = NO;
				DEBUG_INFORMATION_FORMAT = dwarf;
				ENABLE_STRICT_OBJC_MSGSEND = YES;
				ENABLE_TESTABILITY = YES;
				ENABLE_USER_SCRIPT_SANDBOXING = YES;
				GCC_C_LANGUAGE_STANDARD = gnu17;
				GCC_DYNAMIC_NO_PIC = NO;
				GCC_NO_COMMON_BLOCKS = YES;
				GCC_OPTIMIZATION_LEVEL = 0;
				GCC_PREPROCESSOR_DEFINITIONS = (
					"DEBUG=1",
					"$(inherited)",
				);
				GCC_WARN_64_TO_32_BIT_CONVERSION = YES;
				GCC_WARN_ABOUT_RETURN_TYPE = YES_ERROR;
				GCC_WARN_UNDECLARED_SELECTOR = YES;
				GCC_WARN_UNINITIALIZED_AUTOS = YES_AGGRESSIVE;
				GCC_WARN_UNUSED_FUNCTION = YES;
				GCC_WARN_UNUSED_VARIABLE = YES;
				LOCALIZATION_PREFERS_STRING_CATALOGS = YES;
				MACOSX_DEPLOYMENT_TARGET = 14.0;
				MTL_ENABLE_DEBUG_INFO = INCLUDE_SOURCE;
				MTL_FAST_MATH = YES;
				ONLY_ACTIVE_ARCH = YES;
				SDKROOT = macosx;
			};
			name = Debug;
		};
		399C82222B78D4280039F9E6 /* Release */ = {
			isa = XCBuildConfiguration;
			buildSettings = {
				ALWAYS_SEARCH_USER_PATHS = NO;
				ASSETCATALOG_COMPILER_GENERATE_SWIFT_ASSET_SYMBOL_EXTENSIONS = YES;
				CLANG_ANALYZER_NONNULL = YES;
				CLANG_ANALYZER_NUMBER_OBJECT_CONVERSION = YES_AGGRESSIVE;
				CLANG_CXX_LANGUAGE_STANDARD = "gnu++20";
				CLANG_ENABLE_MODULES = YES;
				CLANG_ENABLE_OBJC_ARC = YES;
				CLANG_ENABLE_OBJC_WEAK = YES;
				CLANG_WARN_BLOCK_CAPTURE_AUTORELEASING = YES;
				CLANG_WARN_BOOL_CONVERSION = YES;
				CLANG_WARN_COMMA = YES;
				CLANG_WARN_CONSTANT_CONVERSION = YES;
				CLANG_WARN_DEPRECATED_OBJC_IMPLEMENTATIONS = YES;
				CLANG_WARN_DIRECT_OBJC_ISA_USAGE = YES_ERROR;
				CLANG_WARN_DOCUMENTATION_COMMENTS = YES;
				CLANG_WARN_EMPTY_BODY = YES;
				CLANG_WARN_ENUM_CONVERSION = YES;
				CLANG_WARN_INFINITE_RECURSION = YES;
				CLANG_WARN_INT_CONVERSION = YES;
				CLANG_WARN_NON_LITERAL_NULL_CONVERSION = YES;
				CLANG_WARN_OBJC_IMPLICIT_RETAIN_SELF = YES;
				CLANG_WARN_OBJC_LITERAL_CONVERSION = YES;
				CLANG_WARN_OBJC_ROOT_CLASS = YES_ERROR;
				CLANG_WARN_QUOTED_INCLUDE_IN_FRAMEWORK_HEADER = YES;
				CLANG_WARN_RANGE_LOOP_ANALYSIS = YES;
				CLANG_WARN_STRICT_PROTOTYPES = YES;
				CLANG_WARN_SUSPICIOUS_MOVE = YES;
				CLANG_WARN_UNGUARDED_AVAILABILITY = YES_AGGRESSIVE;
				CLANG_WARN_UNREACHABLE_CODE = YES;
				CLANG_WARN__DUPLICATE_METHOD_MATCH = YES;
				COPY_PHASE_STRIP = NO;
				DEBUG_INFORMATION_FORMAT = "dwarf-with-dsym";
				ENABLE_NS_ASSERTIONS = NO;
				ENABLE_STRICT_OBJC_MSGSEND = YES;
				ENABLE_USER_SCRIPT_SANDBOXING = YES;
				GCC_C_LANGUAGE_STANDARD = gnu17;
				GCC_NO_COMMON_BLOCKS = YES;
				GCC_WARN_64_TO_32_BIT_CONVERSION = YES;
				GCC_WARN_ABOUT_RETURN_TYPE = YES_ERROR;
				GCC_WARN_UNDECLARED_SELECTOR = YES;
				GCC_WARN_UNINITIALIZED_AUTOS = YES_AGGRESSIVE;
				GCC_WARN_UNUSED_FUNCTION = YES;
				GCC_WARN_UNUSED_VARIABLE = YES;
				LOCALIZATION_PREFERS_STRING_CATALOGS = YES;
				MACOSX_DEPLOYMENT_TARGET = 14.0;
				MTL_ENABLE_DEBUG_INFO = NO;
				MTL_FAST_MATH = YES;
				SDKROOT = macosx;
			};
			name = Release;
		};
		399C82242B78D4280039F9E6 /* Debug */ = {
			isa = XCBuildConfiguration;
			buildSettings = {
				CODE_SIGN_STYLE = Automatic;
				DEVELOPMENT_TEAM = K85424K6MZ;
				ENABLE_HARDENED_RUNTIME = YES;
				PRODUCT_NAME = "$(TARGET_NAME)";
			};
			name = Debug;
		};
		399C82252B78D4280039F9E6 /* Release */ = {
			isa = XCBuildConfiguration;
			buildSettings = {
				CODE_SIGN_STYLE = Automatic;
				DEVELOPMENT_TEAM = K85424K6MZ;
				ENABLE_HARDENED_RUNTIME = YES;
				PRODUCT_NAME = "$(TARGET_NAME)";
			};
			name = Release;
		};
/* End XCBuildConfiguration section */

/* Begin XCConfigurationList section */
		399C82172B78D4280039F9E6 /* Build configuration list for PBXProject "ws4" */ = {
			isa = XCConfigurationList;
			buildConfigurations = (
				399C82212B78D4280039F9E6 /* Debug */,
				399C82222B78D4280039F9E6 /* Release */,
			);
			defaultConfigurationIsVisible = 0;
			defaultConfigurationName = Release;
		};
		399C82232B78D4280039F9E6 /* Build configuration list for PBXNativeTarget "ws4" */ = {
			isa = XCConfigurationList;
			buildConfigurations = (
				399C82242B78D4280039F9E6 /* Debug */,
				399C82252B78D4280039F9E6 /* Release */,
			);
			defaultConfigurationIsVisible = 0;
			defaultConfigurationName = Release;
		};
/* End XCConfigurationList section */
	};
	rootObject = 399C82142B78D4280039F9E6 /* Project object */;
}
